// !$*UTF8*$!
{
	archiveVersion = 1;
	classes = {
	};
	objectVersion = 46;
	objects = {

/* Begin PBXBuildFile section */
		6F73F6710275C3DFD0CA5BF8 /* Pods_WeatherBBUITests.framework in Frameworks */ = {isa = PBXBuildFile; fileRef = D38FE80F6183A131C20DB961 /* Pods_WeatherBBUITests.framework */; };
		8FC0AEBBFAAF1D62148E6035 /* Pods_WeatherBBTests.framework in Frameworks */ = {isa = PBXBuildFile; fileRef = AE4E3A05B0836F42098881F9 /* Pods_WeatherBBTests.framework */; };
		C409511D1F323F43003C1BB5 /* AppDelegate.swift in Sources */ = {isa = PBXBuildFile; fileRef = C409511C1F323F43003C1BB5 /* AppDelegate.swift */; };
		C40951221F323F43003C1BB5 /* Main.storyboard in Resources */ = {isa = PBXBuildFile; fileRef = C40951201F323F43003C1BB5 /* Main.storyboard */; };
		C40951241F323F43003C1BB5 /* Assets.xcassets in Resources */ = {isa = PBXBuildFile; fileRef = C40951231F323F43003C1BB5 /* Assets.xcassets */; };
		C40951271F323F43003C1BB5 /* LaunchScreen.storyboard in Resources */ = {isa = PBXBuildFile; fileRef = C40951251F323F43003C1BB5 /* LaunchScreen.storyboard */; };
		C40951321F323F43003C1BB5 /* WeatherBBTests.swift in Sources */ = {isa = PBXBuildFile; fileRef = C40951311F323F43003C1BB5 /* WeatherBBTests.swift */; };
		C409513D1F323F43003C1BB5 /* WeatherBBUITests.swift in Sources */ = {isa = PBXBuildFile; fileRef = C409513C1F323F43003C1BB5 /* WeatherBBUITests.swift */; };
		C409518B1F331B1E003C1BB5 /* testDataViewController.swift in Sources */ = {isa = PBXBuildFile; fileRef = C409518A1F331B1E003C1BB5 /* testDataViewController.swift */; };
		C40951931F335E44003C1BB5 /* Constants.swift in Sources */ = {isa = PBXBuildFile; fileRef = C40951921F335E44003C1BB5 /* Constants.swift */; };
		C40951951F335E8E003C1BB5 /* Location.swift in Sources */ = {isa = PBXBuildFile; fileRef = C40951941F335E8E003C1BB5 /* Location.swift */; };
		C40951971F335F1B003C1BB5 /* Weather.swift in Sources */ = {isa = PBXBuildFile; fileRef = C40951961F335F1B003C1BB5 /* Weather.swift */; };
		C40951991F335FC3003C1BB5 /* Forecast.swift in Sources */ = {isa = PBXBuildFile; fileRef = C40951981F335FC3003C1BB5 /* Forecast.swift */; };
		C409519B1F3366DA003C1BB5 /* WeatherCell.swift in Sources */ = {isa = PBXBuildFile; fileRef = C409519A1F3366DA003C1BB5 /* WeatherCell.swift */; };
		C40951AB1F345AE0003C1BB5 /* MapVC.swift in Sources */ = {isa = PBXBuildFile; fileRef = C40951AA1F345AE0003C1BB5 /* MapVC.swift */; };
		C40951AD1F345E8F003C1BB5 /* LocationSearchTable.swift in Sources */ = {isa = PBXBuildFile; fileRef = C40951AC1F345E8F003C1BB5 /* LocationSearchTable.swift */; };
		C40951AF1F34A039003C1BB5 /* CardLayout.swift in Sources */ = {isa = PBXBuildFile; fileRef = C40951AE1F34A039003C1BB5 /* CardLayout.swift */; };
		C40951B11F34A0A1003C1BB5 /* HomeVC.swift in Sources */ = {isa = PBXBuildFile; fileRef = C40951B01F34A0A1003C1BB5 /* HomeVC.swift */; };
		C40951B31F34A318003C1BB5 /* WeatherCardCell.swift in Sources */ = {isa = PBXBuildFile; fileRef = C40951B21F34A318003C1BB5 /* WeatherCardCell.swift */; };
		C40951B51F34A55A003C1BB5 /* NSNumberFormatter+WeatherBB.swift in Sources */ = {isa = PBXBuildFile; fileRef = C40951B41F34A55A003C1BB5 /* NSNumberFormatter+WeatherBB.swift */; };
		C40951B71F34A743003C1BB5 /* UIView+Frame.swift in Sources */ = {isa = PBXBuildFile; fileRef = C40951B61F34A743003C1BB5 /* UIView+Frame.swift */; };
		C40951B91F34AB6F003C1BB5 /* CoinLayout.swift in Sources */ = {isa = PBXBuildFile; fileRef = C40951B81F34AB6F003C1BB5 /* CoinLayout.swift */; };
		C40951DD1F350E45003C1BB5 /* WeatherBB.xcdatamodeld in Sources */ = {isa = PBXBuildFile; fileRef = C40951DB1F350E45003C1BB5 /* WeatherBB.xcdatamodeld */; };
		C40951DF1F387DAC003C1BB5 /* DragAnnotation.swift in Sources */ = {isa = PBXBuildFile; fileRef = C40951DE1F387DAC003C1BB5 /* DragAnnotation.swift */; };
		C40951E11F38AF48003C1BB5 /* InfoVCViewController.swift in Sources */ = {isa = PBXBuildFile; fileRef = C40951E01F38AF47003C1BB5 /* InfoVCViewController.swift */; };
		C40951E41F3F0019003C1BB5 /* CircularTransition.swift in Sources */ = {isa = PBXBuildFile; fileRef = C40951E31F3F0019003C1BB5 /* CircularTransition.swift */; };
		C40951E61F3F00A2003C1BB5 /* JSONDownloader.swift in Sources */ = {isa = PBXBuildFile; fileRef = C40951E51F3F00A2003C1BB5 /* JSONDownloader.swift */; };
		C40951E81F3F00E4003C1BB5 /* WeatherApiErrors.swift in Sources */ = {isa = PBXBuildFile; fileRef = C40951E71F3F00E4003C1BB5 /* WeatherApiErrors.swift */; };
		DDBECC7D7C0D273ACEA32538 /* Pods_WeatherBB.framework in Frameworks */ = {isa = PBXBuildFile; fileRef = 3F8323934DF152C3627E8263 /* Pods_WeatherBB.framework */; };
/* End PBXBuildFile section */

/* Begin PBXContainerItemProxy section */
		C409512E1F323F43003C1BB5 /* PBXContainerItemProxy */ = {
			isa = PBXContainerItemProxy;
			containerPortal = C40951111F323F43003C1BB5 /* Project object */;
			proxyType = 1;
			remoteGlobalIDString = C40951181F323F43003C1BB5;
			remoteInfo = WeatherBB;
		};
		C40951391F323F43003C1BB5 /* PBXContainerItemProxy */ = {
			isa = PBXContainerItemProxy;
			containerPortal = C40951111F323F43003C1BB5 /* Project object */;
			proxyType = 1;
			remoteGlobalIDString = C40951181F323F43003C1BB5;
			remoteInfo = WeatherBB;
		};
/* End PBXContainerItemProxy section */

/* Begin PBXFileReference section */
		120ECB55C9F0D9FABAFA198F /* Pods-WeatherBB.debug.xcconfig */ = {isa = PBXFileReference; includeInIndex = 1; lastKnownFileType = text.xcconfig; name = "Pods-WeatherBB.debug.xcconfig"; path = "Pods/Target Support Files/Pods-WeatherBB/Pods-WeatherBB.debug.xcconfig"; sourceTree = "<group>"; };
		3F8323934DF152C3627E8263 /* Pods_WeatherBB.framework */ = {isa = PBXFileReference; explicitFileType = wrapper.framework; includeInIndex = 0; path = Pods_WeatherBB.framework; sourceTree = BUILT_PRODUCTS_DIR; };
		43566AF15C598CCD95AB1E03 /* Pods-WeatherBBUITests.debug.xcconfig */ = {isa = PBXFileReference; includeInIndex = 1; lastKnownFileType = text.xcconfig; name = "Pods-WeatherBBUITests.debug.xcconfig"; path = "Pods/Target Support Files/Pods-WeatherBBUITests/Pods-WeatherBBUITests.debug.xcconfig"; sourceTree = "<group>"; };
		50CC740F1A1D95D93206E55E /* Pods-WeatherBBUITests.release.xcconfig */ = {isa = PBXFileReference; includeInIndex = 1; lastKnownFileType = text.xcconfig; name = "Pods-WeatherBBUITests.release.xcconfig"; path = "Pods/Target Support Files/Pods-WeatherBBUITests/Pods-WeatherBBUITests.release.xcconfig"; sourceTree = "<group>"; };
		59D329B2D209B761158C9132 /* Pods-WeatherBBTests.debug.xcconfig */ = {isa = PBXFileReference; includeInIndex = 1; lastKnownFileType = text.xcconfig; name = "Pods-WeatherBBTests.debug.xcconfig"; path = "Pods/Target Support Files/Pods-WeatherBBTests/Pods-WeatherBBTests.debug.xcconfig"; sourceTree = "<group>"; };
		96ACEBBB66296869A60328D0 /* Pods-WeatherBB.release.xcconfig */ = {isa = PBXFileReference; includeInIndex = 1; lastKnownFileType = text.xcconfig; name = "Pods-WeatherBB.release.xcconfig"; path = "Pods/Target Support Files/Pods-WeatherBB/Pods-WeatherBB.release.xcconfig"; sourceTree = "<group>"; };
		A5CC9F208034E1C8E83B435F /* Pods-WeatherBBTests.release.xcconfig */ = {isa = PBXFileReference; includeInIndex = 1; lastKnownFileType = text.xcconfig; name = "Pods-WeatherBBTests.release.xcconfig"; path = "Pods/Target Support Files/Pods-WeatherBBTests/Pods-WeatherBBTests.release.xcconfig"; sourceTree = "<group>"; };
		AE4E3A05B0836F42098881F9 /* Pods_WeatherBBTests.framework */ = {isa = PBXFileReference; explicitFileType = wrapper.framework; includeInIndex = 0; path = Pods_WeatherBBTests.framework; sourceTree = BUILT_PRODUCTS_DIR; };
		C40951191F323F43003C1BB5 /* WeatherBB.app */ = {isa = PBXFileReference; explicitFileType = wrapper.application; includeInIndex = 0; path = WeatherBB.app; sourceTree = BUILT_PRODUCTS_DIR; };
		C409511C1F323F43003C1BB5 /* AppDelegate.swift */ = {isa = PBXFileReference; lastKnownFileType = sourcecode.swift; path = AppDelegate.swift; sourceTree = "<group>"; };
		C40951211F323F43003C1BB5 /* Base */ = {isa = PBXFileReference; lastKnownFileType = file.storyboard; name = Base; path = Base.lproj/Main.storyboard; sourceTree = "<group>"; };
		C40951231F323F43003C1BB5 /* Assets.xcassets */ = {isa = PBXFileReference; lastKnownFileType = folder.assetcatalog; path = Assets.xcassets; sourceTree = "<group>"; };
		C40951261F323F43003C1BB5 /* Base */ = {isa = PBXFileReference; lastKnownFileType = file.storyboard; name = Base; path = Base.lproj/LaunchScreen.storyboard; sourceTree = "<group>"; };
		C40951281F323F43003C1BB5 /* Info.plist */ = {isa = PBXFileReference; lastKnownFileType = text.plist.xml; path = Info.plist; sourceTree = "<group>"; };
		C409512D1F323F43003C1BB5 /* WeatherBBTests.xctest */ = {isa = PBXFileReference; explicitFileType = wrapper.cfbundle; includeInIndex = 0; path = WeatherBBTests.xctest; sourceTree = BUILT_PRODUCTS_DIR; };
		C40951311F323F43003C1BB5 /* WeatherBBTests.swift */ = {isa = PBXFileReference; lastKnownFileType = sourcecode.swift; path = WeatherBBTests.swift; sourceTree = "<group>"; };
		C40951331F323F43003C1BB5 /* Info.plist */ = {isa = PBXFileReference; lastKnownFileType = text.plist.xml; path = Info.plist; sourceTree = "<group>"; };
		C40951381F323F43003C1BB5 /* WeatherBBUITests.xctest */ = {isa = PBXFileReference; explicitFileType = wrapper.cfbundle; includeInIndex = 0; path = WeatherBBUITests.xctest; sourceTree = BUILT_PRODUCTS_DIR; };
		C409513C1F323F43003C1BB5 /* WeatherBBUITests.swift */ = {isa = PBXFileReference; lastKnownFileType = sourcecode.swift; path = WeatherBBUITests.swift; sourceTree = "<group>"; };
		C409513E1F323F43003C1BB5 /* Info.plist */ = {isa = PBXFileReference; lastKnownFileType = text.plist.xml; path = Info.plist; sourceTree = "<group>"; };
		C409518A1F331B1E003C1BB5 /* testDataViewController.swift */ = {isa = PBXFileReference; fileEncoding = 4; lastKnownFileType = sourcecode.swift; path = testDataViewController.swift; sourceTree = "<group>"; };
		C40951921F335E44003C1BB5 /* Constants.swift */ = {isa = PBXFileReference; fileEncoding = 4; lastKnownFileType = sourcecode.swift; path = Constants.swift; sourceTree = "<group>"; };
		C40951941F335E8E003C1BB5 /* Location.swift */ = {isa = PBXFileReference; fileEncoding = 4; lastKnownFileType = sourcecode.swift; path = Location.swift; sourceTree = "<group>"; };
		C40951961F335F1B003C1BB5 /* Weather.swift */ = {isa = PBXFileReference; fileEncoding = 4; lastKnownFileType = sourcecode.swift; path = Weather.swift; sourceTree = "<group>"; };
		C40951981F335FC3003C1BB5 /* Forecast.swift */ = {isa = PBXFileReference; fileEncoding = 4; lastKnownFileType = sourcecode.swift; path = Forecast.swift; sourceTree = "<group>"; };
		C409519A1F3366DA003C1BB5 /* WeatherCell.swift */ = {isa = PBXFileReference; fileEncoding = 4; lastKnownFileType = sourcecode.swift; path = WeatherCell.swift; sourceTree = "<group>"; };
		C40951AA1F345AE0003C1BB5 /* MapVC.swift */ = {isa = PBXFileReference; fileEncoding = 4; lastKnownFileType = sourcecode.swift; path = MapVC.swift; sourceTree = "<group>"; };
		C40951AC1F345E8F003C1BB5 /* LocationSearchTable.swift */ = {isa = PBXFileReference; fileEncoding = 4; lastKnownFileType = sourcecode.swift; path = LocationSearchTable.swift; sourceTree = "<group>"; };
		C40951AE1F34A039003C1BB5 /* CardLayout.swift */ = {isa = PBXFileReference; fileEncoding = 4; lastKnownFileType = sourcecode.swift; path = CardLayout.swift; sourceTree = "<group>"; };
		C40951B01F34A0A1003C1BB5 /* HomeVC.swift */ = {isa = PBXFileReference; fileEncoding = 4; lastKnownFileType = sourcecode.swift; path = HomeVC.swift; sourceTree = "<group>"; };
		C40951B21F34A318003C1BB5 /* WeatherCardCell.swift */ = {isa = PBXFileReference; fileEncoding = 4; lastKnownFileType = sourcecode.swift; path = WeatherCardCell.swift; sourceTree = "<group>"; };
		C40951B41F34A55A003C1BB5 /* NSNumberFormatter+WeatherBB.swift */ = {isa = PBXFileReference; fileEncoding = 4; lastKnownFileType = sourcecode.swift; path = "NSNumberFormatter+WeatherBB.swift"; sourceTree = "<group>"; };
		C40951B61F34A743003C1BB5 /* UIView+Frame.swift */ = {isa = PBXFileReference; fileEncoding = 4; lastKnownFileType = sourcecode.swift; path = "UIView+Frame.swift"; sourceTree = "<group>"; };
		C40951B81F34AB6F003C1BB5 /* CoinLayout.swift */ = {isa = PBXFileReference; fileEncoding = 4; lastKnownFileType = sourcecode.swift; path = CoinLayout.swift; sourceTree = "<group>"; };
		C40951DC1F350E45003C1BB5 /* WeatherBB.xcdatamodel */ = {isa = PBXFileReference; lastKnownFileType = wrapper.xcdatamodel; path = WeatherBB.xcdatamodel; sourceTree = "<group>"; };
		C40951DE1F387DAC003C1BB5 /* DragAnnotation.swift */ = {isa = PBXFileReference; fileEncoding = 4; lastKnownFileType = sourcecode.swift; path = DragAnnotation.swift; sourceTree = "<group>"; };
		C40951E01F38AF47003C1BB5 /* InfoVCViewController.swift */ = {isa = PBXFileReference; fileEncoding = 4; lastKnownFileType = sourcecode.swift; path = InfoVCViewController.swift; sourceTree = "<group>"; };
		C40951E31F3F0019003C1BB5 /* CircularTransition.swift */ = {isa = PBXFileReference; fileEncoding = 4; lastKnownFileType = sourcecode.swift; path = CircularTransition.swift; sourceTree = "<group>"; };
		C40951E51F3F00A2003C1BB5 /* JSONDownloader.swift */ = {isa = PBXFileReference; fileEncoding = 4; lastKnownFileType = sourcecode.swift; path = JSONDownloader.swift; sourceTree = "<group>"; };
		C40951E71F3F00E4003C1BB5 /* WeatherApiErrors.swift */ = {isa = PBXFileReference; fileEncoding = 4; lastKnownFileType = sourcecode.swift; path = WeatherApiErrors.swift; sourceTree = "<group>"; };
		D38FE80F6183A131C20DB961 /* Pods_WeatherBBUITests.framework */ = {isa = PBXFileReference; explicitFileType = wrapper.framework; includeInIndex = 0; path = Pods_WeatherBBUITests.framework; sourceTree = BUILT_PRODUCTS_DIR; };
/* End PBXFileReference section */

/* Begin PBXFrameworksBuildPhase section */
		C40951161F323F43003C1BB5 /* Frameworks */ = {
			isa = PBXFrameworksBuildPhase;
			buildActionMask = 2147483647;
			files = (
				DDBECC7D7C0D273ACEA32538 /* Pods_WeatherBB.framework in Frameworks */,
			);
			runOnlyForDeploymentPostprocessing = 0;
		};
		C409512A1F323F43003C1BB5 /* Frameworks */ = {
			isa = PBXFrameworksBuildPhase;
			buildActionMask = 2147483647;
			files = (
				8FC0AEBBFAAF1D62148E6035 /* Pods_WeatherBBTests.framework in Frameworks */,
			);
			runOnlyForDeploymentPostprocessing = 0;
		};
		C40951351F323F43003C1BB5 /* Frameworks */ = {
			isa = PBXFrameworksBuildPhase;
			buildActionMask = 2147483647;
			files = (
				6F73F6710275C3DFD0CA5BF8 /* Pods_WeatherBBUITests.framework in Frameworks */,
			);
			runOnlyForDeploymentPostprocessing = 0;
		};
/* End PBXFrameworksBuildPhase section */

/* Begin PBXGroup section */
		1748A8C328D5E992B55A117F /* Pods */ = {
			isa = PBXGroup;
			children = (
				120ECB55C9F0D9FABAFA198F /* Pods-WeatherBB.debug.xcconfig */,
				96ACEBBB66296869A60328D0 /* Pods-WeatherBB.release.xcconfig */,
				59D329B2D209B761158C9132 /* Pods-WeatherBBTests.debug.xcconfig */,
				A5CC9F208034E1C8E83B435F /* Pods-WeatherBBTests.release.xcconfig */,
				43566AF15C598CCD95AB1E03 /* Pods-WeatherBBUITests.debug.xcconfig */,
				50CC740F1A1D95D93206E55E /* Pods-WeatherBBUITests.release.xcconfig */,
			);
			name = Pods;
			sourceTree = "<group>";
		};
		891E1A503D7F4C182093D165 /* Frameworks */ = {
			isa = PBXGroup;
			children = (
				3F8323934DF152C3627E8263 /* Pods_WeatherBB.framework */,
				AE4E3A05B0836F42098881F9 /* Pods_WeatherBBTests.framework */,
				D38FE80F6183A131C20DB961 /* Pods_WeatherBBUITests.framework */,
			);
			name = Frameworks;
			sourceTree = "<group>";
		};
		C40951101F323F43003C1BB5 = {
			isa = PBXGroup;
			children = (
				C409511B1F323F43003C1BB5 /* WeatherBB */,
				C40951301F323F43003C1BB5 /* WeatherBBTests */,
				C409513B1F323F43003C1BB5 /* WeatherBBUITests */,
				C409511A1F323F43003C1BB5 /* Products */,
				1748A8C328D5E992B55A117F /* Pods */,
				891E1A503D7F4C182093D165 /* Frameworks */,
			);
			sourceTree = "<group>";
		};
		C409511A1F323F43003C1BB5 /* Products */ = {
			isa = PBXGroup;
			children = (
				C40951191F323F43003C1BB5 /* WeatherBB.app */,
				C409512D1F323F43003C1BB5 /* WeatherBBTests.xctest */,
				C40951381F323F43003C1BB5 /* WeatherBBUITests.xctest */,
			);
			name = Products;
			sourceTree = "<group>";
		};
		C409511B1F323F43003C1BB5 /* WeatherBB */ = {
			isa = PBXGroup;
			children = (
				C40951E21F3EFFE8003C1BB5 /* Utilities */,
				C409514D1F324351003C1BB5 /* Managers And Constants */,
				C409514C1F324334003C1BB5 /* Models */,
				C409514B1F32431F003C1BB5 /* Controllers */,
				C409514A1F324314003C1BB5 /* Views */,
				C409511C1F323F43003C1BB5 /* AppDelegate.swift */,
				C40951201F323F43003C1BB5 /* Main.storyboard */,
				C40951231F323F43003C1BB5 /* Assets.xcassets */,
				C40951251F323F43003C1BB5 /* LaunchScreen.storyboard */,
				C40951281F323F43003C1BB5 /* Info.plist */,
				C40951DB1F350E45003C1BB5 /* WeatherBB.xcdatamodeld */,
			);
			path = WeatherBB;
			sourceTree = "<group>";
		};
		C40951301F323F43003C1BB5 /* WeatherBBTests */ = {
			isa = PBXGroup;
			children = (
				C40951311F323F43003C1BB5 /* WeatherBBTests.swift */,
				C40951331F323F43003C1BB5 /* Info.plist */,
			);
			path = WeatherBBTests;
			sourceTree = "<group>";
		};
		C409513B1F323F43003C1BB5 /* WeatherBBUITests */ = {
			isa = PBXGroup;
			children = (
				C409513C1F323F43003C1BB5 /* WeatherBBUITests.swift */,
				C409513E1F323F43003C1BB5 /* Info.plist */,
			);
			path = WeatherBBUITests;
			sourceTree = "<group>";
		};
		C409514A1F324314003C1BB5 /* Views */ = {
			isa = PBXGroup;
			children = (
				C409519A1F3366DA003C1BB5 /* WeatherCell.swift */,
				C40951AE1F34A039003C1BB5 /* CardLayout.swift */,
				C40951B21F34A318003C1BB5 /* WeatherCardCell.swift */,
				C40951B81F34AB6F003C1BB5 /* CoinLayout.swift */,
			);
			name = Views;
			sourceTree = "<group>";
		};
		C409514B1F32431F003C1BB5 /* Controllers */ = {
			isa = PBXGroup;
			children = (
				C409518A1F331B1E003C1BB5 /* testDataViewController.swift */,
				C40951AA1F345AE0003C1BB5 /* MapVC.swift */,
				C40951AC1F345E8F003C1BB5 /* LocationSearchTable.swift */,
				C40951B01F34A0A1003C1BB5 /* HomeVC.swift */,
				C40951E01F38AF47003C1BB5 /* InfoVCViewController.swift */,
			);
			name = Controllers;
			sourceTree = "<group>";
		};
		C409514C1F324334003C1BB5 /* Models */ = {
			isa = PBXGroup;
			children = (
				C40951941F335E8E003C1BB5 /* Location.swift */,
				C40951961F335F1B003C1BB5 /* Weather.swift */,
				C40951981F335FC3003C1BB5 /* Forecast.swift */,
			);
			name = Models;
			sourceTree = "<group>";
		};
		C409514D1F324351003C1BB5 /* Managers And Constants */ = {
			isa = PBXGroup;
			children = (
				C40951921F335E44003C1BB5 /* Constants.swift */,
				C40951B41F34A55A003C1BB5 /* NSNumberFormatter+WeatherBB.swift */,
				C40951B61F34A743003C1BB5 /* UIView+Frame.swift */,
				C40951DE1F387DAC003C1BB5 /* DragAnnotation.swift */,
			);
			name = "Managers And Constants";
			sourceTree = "<group>";
		};
		C40951E21F3EFFE8003C1BB5 /* Utilities */ = {
			isa = PBXGroup;
			children = (
				C40951E31F3F0019003C1BB5 /* CircularTransition.swift */,
				C40951E51F3F00A2003C1BB5 /* JSONDownloader.swift */,
				C40951E71F3F00E4003C1BB5 /* WeatherApiErrors.swift */,
			);
			name = Utilities;
			sourceTree = "<group>";
		};
/* End PBXGroup section */

/* Begin PBXNativeTarget section */
		C40951181F323F43003C1BB5 /* WeatherBB */ = {
			isa = PBXNativeTarget;
			buildConfigurationList = C40951411F323F43003C1BB5 /* Build configuration list for PBXNativeTarget "WeatherBB" */;
			buildPhases = (
				14F5EDFEAAFC872DF87FA731 /* [CP] Check Pods Manifest.lock */,
				C40951151F323F43003C1BB5 /* Sources */,
				C40951161F323F43003C1BB5 /* Frameworks */,
				C40951171F323F43003C1BB5 /* Resources */,
				14F135126AB07267198D6418 /* [CP] Embed Pods Frameworks */,
				BA19603F5510B7A63E7F226C /* [CP] Copy Pods Resources */,
			);
			buildRules = (
			);
			dependencies = (
			);
			name = WeatherBB;
			productName = WeatherBB;
			productReference = C40951191F323F43003C1BB5 /* WeatherBB.app */;
			productType = "com.apple.product-type.application";
		};
		C409512C1F323F43003C1BB5 /* WeatherBBTests */ = {
			isa = PBXNativeTarget;
			buildConfigurationList = C40951441F323F43003C1BB5 /* Build configuration list for PBXNativeTarget "WeatherBBTests" */;
			buildPhases = (
				C96EA2080AAF40DCAEFCA2E1 /* [CP] Check Pods Manifest.lock */,
				C40951291F323F43003C1BB5 /* Sources */,
				C409512A1F323F43003C1BB5 /* Frameworks */,
				C409512B1F323F43003C1BB5 /* Resources */,
				23A0E8617CCDAFDED7384599 /* [CP] Embed Pods Frameworks */,
				1C22ABDEA266E4F263DEDA9F /* [CP] Copy Pods Resources */,
			);
			buildRules = (
			);
			dependencies = (
				C409512F1F323F43003C1BB5 /* PBXTargetDependency */,
			);
			name = WeatherBBTests;
			productName = WeatherBBTests;
			productReference = C409512D1F323F43003C1BB5 /* WeatherBBTests.xctest */;
			productType = "com.apple.product-type.bundle.unit-test";
		};
		C40951371F323F43003C1BB5 /* WeatherBBUITests */ = {
			isa = PBXNativeTarget;
			buildConfigurationList = C40951471F323F43003C1BB5 /* Build configuration list for PBXNativeTarget "WeatherBBUITests" */;
			buildPhases = (
				F150CBC69928C63AAFA49583 /* [CP] Check Pods Manifest.lock */,
				C40951341F323F43003C1BB5 /* Sources */,
				C40951351F323F43003C1BB5 /* Frameworks */,
				C40951361F323F43003C1BB5 /* Resources */,
				29599F0B78A973E35094D3CA /* [CP] Embed Pods Frameworks */,
				CAC43BD993B54F8F0A9AA9B5 /* [CP] Copy Pods Resources */,
			);
			buildRules = (
			);
			dependencies = (
				C409513A1F323F43003C1BB5 /* PBXTargetDependency */,
			);
			name = WeatherBBUITests;
			productName = WeatherBBUITests;
			productReference = C40951381F323F43003C1BB5 /* WeatherBBUITests.xctest */;
			productType = "com.apple.product-type.bundle.ui-testing";
		};
/* End PBXNativeTarget section */

/* Begin PBXProject section */
		C40951111F323F43003C1BB5 /* Project object */ = {
			isa = PBXProject;
			attributes = {
				LastSwiftUpdateCheck = 0830;
				LastUpgradeCheck = 0830;
				ORGANIZATIONNAME = "Mustafa Saeed";
				TargetAttributes = {
					C40951181F323F43003C1BB5 = {
						CreatedOnToolsVersion = 8.3.3;
						DevelopmentTeam = 69K5FUX4KS;
						ProvisioningStyle = Automatic;
					};
					C409512C1F323F43003C1BB5 = {
						CreatedOnToolsVersion = 8.3.3;
						DevelopmentTeam = 69K5FUX4KS;
						ProvisioningStyle = Automatic;
						TestTargetID = C40951181F323F43003C1BB5;
					};
					C40951371F323F43003C1BB5 = {
						CreatedOnToolsVersion = 8.3.3;
						DevelopmentTeam = 69K5FUX4KS;
						ProvisioningStyle = Automatic;
						TestTargetID = C40951181F323F43003C1BB5;
					};
				};
			};
			buildConfigurationList = C40951141F323F43003C1BB5 /* Build configuration list for PBXProject "WeatherBB" */;
			compatibilityVersion = "Xcode 3.2";
			developmentRegion = English;
			hasScannedForEncodings = 0;
			knownRegions = (
				en,
				Base,
			);
			mainGroup = C40951101F323F43003C1BB5;
			productRefGroup = C409511A1F323F43003C1BB5 /* Products */;
			projectDirPath = "";
			projectRoot = "";
			targets = (
				C40951181F323F43003C1BB5 /* WeatherBB */,
				C409512C1F323F43003C1BB5 /* WeatherBBTests */,
				C40951371F323F43003C1BB5 /* WeatherBBUITests */,
			);
		};
/* End PBXProject section */

/* Begin PBXResourcesBuildPhase section */
		C40951171F323F43003C1BB5 /* Resources */ = {
			isa = PBXResourcesBuildPhase;
			buildActionMask = 2147483647;
			files = (
				C40951271F323F43003C1BB5 /* LaunchScreen.storyboard in Resources */,
				C40951241F323F43003C1BB5 /* Assets.xcassets in Resources */,
				C40951221F323F43003C1BB5 /* Main.storyboard in Resources */,
			);
			runOnlyForDeploymentPostprocessing = 0;
		};
		C409512B1F323F43003C1BB5 /* Resources */ = {
			isa = PBXResourcesBuildPhase;
			buildActionMask = 2147483647;
			files = (
			);
			runOnlyForDeploymentPostprocessing = 0;
		};
		C40951361F323F43003C1BB5 /* Resources */ = {
			isa = PBXResourcesBuildPhase;
			buildActionMask = 2147483647;
			files = (
			);
			runOnlyForDeploymentPostprocessing = 0;
		};
/* End PBXResourcesBuildPhase section */

/* Begin PBXShellScriptBuildPhase section */
		14F135126AB07267198D6418 /* [CP] Embed Pods Frameworks */ = {
			isa = PBXShellScriptBuildPhase;
			buildActionMask = 2147483647;
			files = (
			);
			inputPaths = (
			);
			name = "[CP] Embed Pods Frameworks";
			outputPaths = (
			);
			runOnlyForDeploymentPostprocessing = 0;
			shellPath = /bin/sh;
			shellScript = "\"${SRCROOT}/Pods/Target Support Files/Pods-WeatherBB/Pods-WeatherBB-frameworks.sh\"\n";
			showEnvVarsInLog = 0;
		};
		14F5EDFEAAFC872DF87FA731 /* [CP] Check Pods Manifest.lock */ = {
			isa = PBXShellScriptBuildPhase;
			buildActionMask = 2147483647;
			files = (
			);
			inputPaths = (
			);
			name = "[CP] Check Pods Manifest.lock";
			outputPaths = (
			);
			runOnlyForDeploymentPostprocessing = 0;
			shellPath = /bin/sh;
			shellScript = "diff \"${PODS_PODFILE_DIR_PATH}/Podfile.lock\" \"${PODS_ROOT}/Manifest.lock\" > /dev/null\nif [ $? != 0 ] ; then\n    # print error to STDERR\n    echo \"error: The sandbox is not in sync with the Podfile.lock. Run 'pod install' or update your CocoaPods installation.\" >&2\n    exit 1\nfi\n";
			showEnvVarsInLog = 0;
		};
		1C22ABDEA266E4F263DEDA9F /* [CP] Copy Pods Resources */ = {
			isa = PBXShellScriptBuildPhase;
			buildActionMask = 2147483647;
			files = (
			);
			inputPaths = (
			);
			name = "[CP] Copy Pods Resources";
			outputPaths = (
			);
			runOnlyForDeploymentPostprocessing = 0;
			shellPath = /bin/sh;
			shellScript = "\"${SRCROOT}/Pods/Target Support Files/Pods-WeatherBBTests/Pods-WeatherBBTests-resources.sh\"\n";
			showEnvVarsInLog = 0;
		};
		23A0E8617CCDAFDED7384599 /* [CP] Embed Pods Frameworks */ = {
			isa = PBXShellScriptBuildPhase;
			buildActionMask = 2147483647;
			files = (
			);
			inputPaths = (
			);
			name = "[CP] Embed Pods Frameworks";
			outputPaths = (
			);
			runOnlyForDeploymentPostprocessing = 0;
			shellPath = /bin/sh;
			shellScript = "\"${SRCROOT}/Pods/Target Support Files/Pods-WeatherBBTests/Pods-WeatherBBTests-frameworks.sh\"\n";
			showEnvVarsInLog = 0;
		};
		29599F0B78A973E35094D3CA /* [CP] Embed Pods Frameworks */ = {
			isa = PBXShellScriptBuildPhase;
			buildActionMask = 2147483647;
			files = (
			);
			inputPaths = (
			);
			name = "[CP] Embed Pods Frameworks";
			outputPaths = (
			);
			runOnlyForDeploymentPostprocessing = 0;
			shellPath = /bin/sh;
			shellScript = "\"${SRCROOT}/Pods/Target Support Files/Pods-WeatherBBUITests/Pods-WeatherBBUITests-frameworks.sh\"\n";
			showEnvVarsInLog = 0;
		};
		BA19603F5510B7A63E7F226C /* [CP] Copy Pods Resources */ = {
			isa = PBXShellScriptBuildPhase;
			buildActionMask = 2147483647;
			files = (
			);
			inputPaths = (
			);
			name = "[CP] Copy Pods Resources";
			outputPaths = (
			);
			runOnlyForDeploymentPostprocessing = 0;
			shellPath = /bin/sh;
			shellScript = "\"${SRCROOT}/Pods/Target Support Files/Pods-WeatherBB/Pods-WeatherBB-resources.sh\"\n";
			showEnvVarsInLog = 0;
		};
		C96EA2080AAF40DCAEFCA2E1 /* [CP] Check Pods Manifest.lock */ = {
			isa = PBXShellScriptBuildPhase;
			buildActionMask = 2147483647;
			files = (
			);
			inputPaths = (
			);
			name = "[CP] Check Pods Manifest.lock";
			outputPaths = (
			);
			runOnlyForDeploymentPostprocessing = 0;
			shellPath = /bin/sh;
			shellScript = "diff \"${PODS_PODFILE_DIR_PATH}/Podfile.lock\" \"${PODS_ROOT}/Manifest.lock\" > /dev/null\nif [ $? != 0 ] ; then\n    # print error to STDERR\n    echo \"error: The sandbox is not in sync with the Podfile.lock. Run 'pod install' or update your CocoaPods installation.\" >&2\n    exit 1\nfi\n";
			showEnvVarsInLog = 0;
		};
		CAC43BD993B54F8F0A9AA9B5 /* [CP] Copy Pods Resources */ = {
			isa = PBXShellScriptBuildPhase;
			buildActionMask = 2147483647;
			files = (
			);
			inputPaths = (
			);
			name = "[CP] Copy Pods Resources";
			outputPaths = (
			);
			runOnlyForDeploymentPostprocessing = 0;
			shellPath = /bin/sh;
			shellScript = "\"${SRCROOT}/Pods/Target Support Files/Pods-WeatherBBUITests/Pods-WeatherBBUITests-resources.sh\"\n";
			showEnvVarsInLog = 0;
		};
		F150CBC69928C63AAFA49583 /* [CP] Check Pods Manifest.lock */ = {
			isa = PBXShellScriptBuildPhase;
			buildActionMask = 2147483647;
			files = (
			);
			inputPaths = (
			);
			name = "[CP] Check Pods Manifest.lock";
			outputPaths = (
			);
			runOnlyForDeploymentPostprocessing = 0;
			shellPath = /bin/sh;
			shellScript = "diff \"${PODS_PODFILE_DIR_PATH}/Podfile.lock\" \"${PODS_ROOT}/Manifest.lock\" > /dev/null\nif [ $? != 0 ] ; then\n    # print error to STDERR\n    echo \"error: The sandbox is not in sync with the Podfile.lock. Run 'pod install' or update your CocoaPods installation.\" >&2\n    exit 1\nfi\n";
			showEnvVarsInLog = 0;
		};
/* End PBXShellScriptBuildPhase section */

/* Begin PBXSourcesBuildPhase section */
		C40951151F323F43003C1BB5 /* Sources */ = {
			isa = PBXSourcesBuildPhase;
			buildActionMask = 2147483647;
			files = (
				C409518B1F331B1E003C1BB5 /* testDataViewController.swift in Sources */,
				C40951AD1F345E8F003C1BB5 /* LocationSearchTable.swift in Sources */,
				C40951DD1F350E45003C1BB5 /* WeatherBB.xcdatamodeld in Sources */,
				C409511D1F323F43003C1BB5 /* AppDelegate.swift in Sources */,
				C40951951F335E8E003C1BB5 /* Location.swift in Sources */,
				C40951B71F34A743003C1BB5 /* UIView+Frame.swift in Sources */,
				C40951B51F34A55A003C1BB5 /* NSNumberFormatter+WeatherBB.swift in Sources */,
				C40951931F335E44003C1BB5 /* Constants.swift in Sources */,
				C40951E41F3F0019003C1BB5 /* CircularTransition.swift in Sources */,
				C40951E81F3F00E4003C1BB5 /* WeatherApiErrors.swift in Sources */,
				C40951991F335FC3003C1BB5 /* Forecast.swift in Sources */,
				C40951AB1F345AE0003C1BB5 /* MapVC.swift in Sources */,
				C40951971F335F1B003C1BB5 /* Weather.swift in Sources */,
				C40951E61F3F00A2003C1BB5 /* JSONDownloader.swift in Sources */,
				C40951DF1F387DAC003C1BB5 /* DragAnnotation.swift in Sources */,
				C40951AF1F34A039003C1BB5 /* CardLayout.swift in Sources */,
				C40951E11F38AF48003C1BB5 /* InfoVCViewController.swift in Sources */,
				C40951B11F34A0A1003C1BB5 /* HomeVC.swift in Sources */,
				C40951B91F34AB6F003C1BB5 /* CoinLayout.swift in Sources */,
				C40951B31F34A318003C1BB5 /* WeatherCardCell.swift in Sources */,
				C409519B1F3366DA003C1BB5 /* WeatherCell.swift in Sources */,
			);
			runOnlyForDeploymentPostprocessing = 0;
		};
		C40951291F323F43003C1BB5 /* Sources */ = {
			isa = PBXSourcesBuildPhase;
			buildActionMask = 2147483647;
			files = (
				C40951321F323F43003C1BB5 /* WeatherBBTests.swift in Sources */,
			);
			runOnlyForDeploymentPostprocessing = 0;
		};
		C40951341F323F43003C1BB5 /* Sources */ = {
			isa = PBXSourcesBuildPhase;
			buildActionMask = 2147483647;
			files = (
				C409513D1F323F43003C1BB5 /* WeatherBBUITests.swift in Sources */,
			);
			runOnlyForDeploymentPostprocessing = 0;
		};
/* End PBXSourcesBuildPhase section */

/* Begin PBXTargetDependency section */
		C409512F1F323F43003C1BB5 /* PBXTargetDependency */ = {
			isa = PBXTargetDependency;
			target = C40951181F323F43003C1BB5 /* WeatherBB */;
			targetProxy = C409512E1F323F43003C1BB5 /* PBXContainerItemProxy */;
		};
		C409513A1F323F43003C1BB5 /* PBXTargetDependency */ = {
			isa = PBXTargetDependency;
			target = C40951181F323F43003C1BB5 /* WeatherBB */;
			targetProxy = C40951391F323F43003C1BB5 /* PBXContainerItemProxy */;
		};
/* End PBXTargetDependency section */

/* Begin PBXVariantGroup section */
		C40951201F323F43003C1BB5 /* Main.storyboard */ = {
			isa = PBXVariantGroup;
			children = (
				C40951211F323F43003C1BB5 /* Base */,
			);
			name = Main.storyboard;
			sourceTree = "<group>";
		};
		C40951251F323F43003C1BB5 /* LaunchScreen.storyboard */ = {
			isa = PBXVariantGroup;
			children = (
				C40951261F323F43003C1BB5 /* Base */,
			);
			name = LaunchScreen.storyboard;
			sourceTree = "<group>";
		};
/* End PBXVariantGroup section */

/* Begin XCBuildConfiguration section */
		C409513F1F323F43003C1BB5 /* Debug */ = {
			isa = XCBuildConfiguration;
			buildSettings = {
				ALWAYS_SEARCH_USER_PATHS = NO;
				CLANG_ANALYZER_NONNULL = YES;
				CLANG_ANALYZER_NUMBER_OBJECT_CONVERSION = YES_AGGRESSIVE;
				CLANG_CXX_LANGUAGE_STANDARD = "gnu++0x";
				CLANG_CXX_LIBRARY = "libc++";
				CLANG_ENABLE_MODULES = YES;
				CLANG_ENABLE_OBJC_ARC = YES;
				CLANG_WARN_BOOL_CONVERSION = YES;
				CLANG_WARN_CONSTANT_CONVERSION = YES;
				CLANG_WARN_DIRECT_OBJC_ISA_USAGE = YES_ERROR;
				CLANG_WARN_DOCUMENTATION_COMMENTS = YES;
				CLANG_WARN_EMPTY_BODY = YES;
				CLANG_WARN_ENUM_CONVERSION = YES;
				CLANG_WARN_INFINITE_RECURSION = YES;
				CLANG_WARN_INT_CONVERSION = YES;
				CLANG_WARN_OBJC_ROOT_CLASS = YES_ERROR;
				CLANG_WARN_SUSPICIOUS_MOVE = YES;
				CLANG_WARN_UNREACHABLE_CODE = YES;
				CLANG_WARN__DUPLICATE_METHOD_MATCH = YES;
				"CODE_SIGN_IDENTITY[sdk=iphoneos*]" = "iPhone Developer";
				COPY_PHASE_STRIP = NO;
				DEBUG_INFORMATION_FORMAT = dwarf;
				ENABLE_STRICT_OBJC_MSGSEND = YES;
				ENABLE_TESTABILITY = YES;
				GCC_C_LANGUAGE_STANDARD = gnu99;
				GCC_DYNAMIC_NO_PIC = NO;
				GCC_NO_COMMON_BLOCKS = YES;
				GCC_OPTIMIZATION_LEVEL = 0;
				GCC_PREPROCESSOR_DEFINITIONS = (
					"DEBUG=1",
					"$(inherited)",
				);
				GCC_WARN_64_TO_32_BIT_CONVERSION = YES;
				GCC_WARN_ABOUT_RETURN_TYPE = YES_ERROR;
				GCC_WARN_UNDECLARED_SELECTOR = YES;
				GCC_WARN_UNINITIALIZED_AUTOS = YES_AGGRESSIVE;
				GCC_WARN_UNUSED_FUNCTION = YES;
				GCC_WARN_UNUSED_VARIABLE = YES;
				IPHONEOS_DEPLOYMENT_TARGET = 10.3;
				MTL_ENABLE_DEBUG_INFO = YES;
				ONLY_ACTIVE_ARCH = YES;
				SDKROOT = iphoneos;
				SWIFT_ACTIVE_COMPILATION_CONDITIONS = DEBUG;
				SWIFT_OPTIMIZATION_LEVEL = "-Onone";
			};
			name = Debug;
		};
		C40951401F323F43003C1BB5 /* Release */ = {
			isa = XCBuildConfiguration;
			buildSettings = {
				ALWAYS_SEARCH_USER_PATHS = NO;
				CLANG_ANALYZER_NONNULL = YES;
				CLANG_ANALYZER_NUMBER_OBJECT_CONVERSION = YES_AGGRESSIVE;
				CLANG_CXX_LANGUAGE_STANDARD = "gnu++0x";
				CLANG_CXX_LIBRARY = "libc++";
				CLANG_ENABLE_MODULES = YES;
				CLANG_ENABLE_OBJC_ARC = YES;
				CLANG_WARN_BOOL_CONVERSION = YES;
				CLANG_WARN_CONSTANT_CONVERSION = YES;
				CLANG_WARN_DIRECT_OBJC_ISA_USAGE = YES_ERROR;
				CLANG_WARN_DOCUMENTATION_COMMENTS = YES;
				CLANG_WARN_EMPTY_BODY = YES;
				CLANG_WARN_ENUM_CONVERSION = YES;
				CLANG_WARN_INFINITE_RECURSION = YES;
				CLANG_WARN_INT_CONVERSION = YES;
				CLANG_WARN_OBJC_ROOT_CLASS = YES_ERROR;
				CLANG_WARN_SUSPICIOUS_MOVE = YES;
				CLANG_WARN_UNREACHABLE_CODE = YES;
				CLANG_WARN__DUPLICATE_METHOD_MATCH = YES;
				"CODE_SIGN_IDENTITY[sdk=iphoneos*]" = "iPhone Developer";
				COPY_PHASE_STRIP = NO;
				DEBUG_INFORMATION_FORMAT = "dwarf-with-dsym";
				ENABLE_NS_ASSERTIONS = NO;
				ENABLE_STRICT_OBJC_MSGSEND = YES;
				GCC_C_LANGUAGE_STANDARD = gnu99;
				GCC_NO_COMMON_BLOCKS = YES;
				GCC_WARN_64_TO_32_BIT_CONVERSION = YES;
				GCC_WARN_ABOUT_RETURN_TYPE = YES_ERROR;
				GCC_WARN_UNDECLARED_SELECTOR = YES;
				GCC_WARN_UNINITIALIZED_AUTOS = YES_AGGRESSIVE;
				GCC_WARN_UNUSED_FUNCTION = YES;
				GCC_WARN_UNUSED_VARIABLE = YES;
				IPHONEOS_DEPLOYMENT_TARGET = 10.3;
				MTL_ENABLE_DEBUG_INFO = NO;
				SDKROOT = iphoneos;
				SWIFT_OPTIMIZATION_LEVEL = "-Owholemodule";
				VALIDATE_PRODUCT = YES;
			};
			name = Release;
		};
		C40951421F323F43003C1BB5 /* Debug */ = {
			isa = XCBuildConfiguration;
			baseConfigurationReference = 120ECB55C9F0D9FABAFA198F /* Pods-WeatherBB.debug.xcconfig */;
			buildSettings = {
				ASSETCATALOG_COMPILER_APPICON_NAME = AppIcon;
				DEVELOPMENT_TEAM = 69K5FUX4KS;
				INFOPLIST_FILE = WeatherBB/Info.plist;
				LD_RUNPATH_SEARCH_PATHS = "$(inherited) @executable_path/Frameworks";
				PRODUCT_BUNDLE_IDENTIFIER = com.mustafa.WeatherBB;
				PRODUCT_NAME = "$(TARGET_NAME)";
				SWIFT_VERSION = 3.0;
				TARGETED_DEVICE_FAMILY = "1,2";
			};
			name = Debug;
		};
		C40951431F323F43003C1BB5 /* Release */ = {
			isa = XCBuildConfiguration;
			baseConfigurationReference = 96ACEBBB66296869A60328D0 /* Pods-WeatherBB.release.xcconfig */;
			buildSettings = {
				ASSETCATALOG_COMPILER_APPICON_NAME = AppIcon;
				DEVELOPMENT_TEAM = 69K5FUX4KS;
				INFOPLIST_FILE = WeatherBB/Info.plist;
				LD_RUNPATH_SEARCH_PATHS = "$(inherited) @executable_path/Frameworks";
				PRODUCT_BUNDLE_IDENTIFIER = com.mustafa.WeatherBB;
				PRODUCT_NAME = "$(TARGET_NAME)";
				SWIFT_VERSION = 3.0;
				TARGETED_DEVICE_FAMILY = "1,2";
			};
			name = Release;
		};
		C40951451F323F43003C1BB5 /* Debug */ = {
			isa = XCBuildConfiguration;
			baseConfigurationReference = 59D329B2D209B761158C9132 /* Pods-WeatherBBTests.debug.xcconfig */;
			buildSettings = {
				ALWAYS_EMBED_SWIFT_STANDARD_LIBRARIES = YES;
				BUNDLE_LOADER = "$(TEST_HOST)";
				DEVELOPMENT_TEAM = 69K5FUX4KS;
				INFOPLIST_FILE = WeatherBBTests/Info.plist;
				LD_RUNPATH_SEARCH_PATHS = "$(inherited) @executable_path/Frameworks @loader_path/Frameworks";
				PRODUCT_BUNDLE_IDENTIFIER = com.mustafa.WeatherBBTests;
				PRODUCT_NAME = "$(TARGET_NAME)";
				SWIFT_VERSION = 3.0;
				TEST_HOST = "$(BUILT_PRODUCTS_DIR)/WeatherBB.app/WeatherBB";
			};
			name = Debug;
		};
		C40951461F323F43003C1BB5 /* Release */ = {
			isa = XCBuildConfiguration;
			baseConfigurationReference = A5CC9F208034E1C8E83B435F /* Pods-WeatherBBTests.release.xcconfig */;
			buildSettings = {
				ALWAYS_EMBED_SWIFT_STANDARD_LIBRARIES = YES;
				BUNDLE_LOADER = "$(TEST_HOST)";
				DEVELOPMENT_TEAM = 69K5FUX4KS;
				INFOPLIST_FILE = WeatherBBTests/Info.plist;
				LD_RUNPATH_SEARCH_PATHS = "$(inherited) @executable_path/Frameworks @loader_path/Frameworks";
				PRODUCT_BUNDLE_IDENTIFIER = com.mustafa.WeatherBBTests;
				PRODUCT_NAME = "$(TARGET_NAME)";
				SWIFT_VERSION = 3.0;
				TEST_HOST = "$(BUILT_PRODUCTS_DIR)/WeatherBB.app/WeatherBB";
			};
			name = Release;
		};
		C40951481F323F43003C1BB5 /* Debug */ = {
			isa = XCBuildConfiguration;
			baseConfigurationReference = 43566AF15C598CCD95AB1E03 /* Pods-WeatherBBUITests.debug.xcconfig */;
			buildSettings = {
				ALWAYS_EMBED_SWIFT_STANDARD_LIBRARIES = YES;
				DEVELOPMENT_TEAM = 69K5FUX4KS;
				INFOPLIST_FILE = WeatherBBUITests/Info.plist;
				LD_RUNPATH_SEARCH_PATHS = "$(inherited) @executable_path/Frameworks @loader_path/Frameworks";
				PRODUCT_BUNDLE_IDENTIFIER = com.mustafa.WeatherBBUITests;
				PRODUCT_NAME = "$(TARGET_NAME)";
				SWIFT_VERSION = 3.0;
				TEST_TARGET_NAME = WeatherBB;
			};
			name = Debug;
		};
		C40951491F323F43003C1BB5 /* Release */ = {
			isa = XCBuildConfiguration;
			baseConfigurationReference = 50CC740F1A1D95D93206E55E /* Pods-WeatherBBUITests.release.xcconfig */;
			buildSettings = {
				ALWAYS_EMBED_SWIFT_STANDARD_LIBRARIES = YES;
				DEVELOPMENT_TEAM = 69K5FUX4KS;
				INFOPLIST_FILE = WeatherBBUITests/Info.plist;
				LD_RUNPATH_SEARCH_PATHS = "$(inherited) @executable_path/Frameworks @loader_path/Frameworks";
				PRODUCT_BUNDLE_IDENTIFIER = com.mustafa.WeatherBBUITests;
				PRODUCT_NAME = "$(TARGET_NAME)";
				SWIFT_VERSION = 3.0;
				TEST_TARGET_NAME = WeatherBB;
			};
			name = Release;
		};
/* End XCBuildConfiguration section */

/* Begin XCConfigurationList section */
		C40951141F323F43003C1BB5 /* Build configuration list for PBXProject "WeatherBB" */ = {
			isa = XCConfigurationList;
			buildConfigurations = (
				C409513F1F323F43003C1BB5 /* Debug */,
				C40951401F323F43003C1BB5 /* Release */,
			);
			defaultConfigurationIsVisible = 0;
			defaultConfigurationName = Release;
		};
		C40951411F323F43003C1BB5 /* Build configuration list for PBXNativeTarget "WeatherBB" */ = {
			isa = XCConfigurationList;
			buildConfigurations = (
				C40951421F323F43003C1BB5 /* Debug */,
				C40951431F323F43003C1BB5 /* Release */,
			);
			defaultConfigurationIsVisible = 0;
			defaultConfigurationName = Release;
		};
		C40951441F323F43003C1BB5 /* Build configuration list for PBXNativeTarget "WeatherBBTests" */ = {
			isa = XCConfigurationList;
			buildConfigurations = (
				C40951451F323F43003C1BB5 /* Debug */,
				C40951461F323F43003C1BB5 /* Release */,
			);
			defaultConfigurationIsVisible = 0;
			defaultConfigurationName = Release;
		};
		C40951471F323F43003C1BB5 /* Build configuration list for PBXNativeTarget "WeatherBBUITests" */ = {
			isa = XCConfigurationList;
			buildConfigurations = (
				C40951481F323F43003C1BB5 /* Debug */,
				C40951491F323F43003C1BB5 /* Release */,
			);
			defaultConfigurationIsVisible = 0;
			defaultConfigurationName = Release;
		};
/* End XCConfigurationList section */

/* Begin XCVersionGroup section */
		C40951DB1F350E45003C1BB5 /* WeatherBB.xcdatamodeld */ = {
			isa = XCVersionGroup;
			children = (
				C40951DC1F350E45003C1BB5 /* WeatherBB.xcdatamodel */,
			);
			currentVersion = C40951DC1F350E45003C1BB5 /* WeatherBB.xcdatamodel */;
			path = WeatherBB.xcdatamodeld;
			sourceTree = "<group>";
			versionGroupType = wrapper.xcdatamodel;
		};
/* End XCVersionGroup section */
	};
	rootObject = C40951111F323F43003C1BB5 /* Project object */;
}
